
Microsoft Visual Studio Solution File, Format Version 12.00
# Visual Studio Version 17
VisualStudioVersion = 17.3.32901.215
MinimumVisualStudioVersion = 10.0.40219.1
Project("{FAE04EC0-301F-11D3-BF4B-00C04F79EFBC}") = "InAppBillingTest.Android", "InAppBillingTest\InAppBillingTest.Android\InAppBillingTest.Android.csproj", "{9AE37497-5630-4DAF-A59D-6BB8B1C441E9}"
EndProject
Project("{FAE04EC0-301F-11D3-BF4B-00C04F79EFBC}") = "InAppBillingTest.iOS", "InAppBillingTest\InAppBillingTest.iOS\InAppBillingTest.iOS.csproj", "{937D450F-64ED-42AB-821F-59C7487AA9E8}"
EndProject
Project("{FAE04EC0-301F-11D3-BF4B-00C04F79EFBC}") = "InAppBillingTest", "InAppBillingTest\InAppBillingTest\InAppBillingTest.csproj", "{2AE959F2-B9B0-4F03-AD2E-5A528C2D38BE}"
EndProject
Global
	GlobalSection(SolutionConfigurationPlatforms) = preSolution
		Debug|Any CPU = Debug|Any CPU
		Debug|iPhone = Debug|iPhone
		Debug|iPhoneSimulator = Debug|iPhoneSimulator
		Release|Any CPU = Release|Any CPU
		Release|iPhone = Release|iPhone
		Release|iPhoneSimulator = Release|iPhoneSimulator
	EndGlobalSection
	GlobalSection(ProjectConfigurationPlatforms) = postSolution
		{9AE37497-5630-4DAF-A59D-6BB8B1C441E9}.Debug|Any CPU.ActiveCfg = Debug|Any CPU
		{9AE37497-5630-4DAF-A59D-6BB8B1C441E9}.Debug|Any CPU.Build.0 = Debug|Any CPU
		{9AE37497-5630-4DAF-A59D-6BB8B1C441E9}.Debug|Any CPU.Deploy.0 = Debug|Any CPU
		{9AE37497-5630-4DAF-A59D-6BB8B1C441E9}.Debug|iPhone.ActiveCfg = Debug|Any CPU
		{9AE37497-5630-4DAF-A59D-6BB8B1C441E9}.Debug|iPhone.Build.0 = Debug|Any CPU
		{9AE37497-5630-4DAF-A59D-6BB8B1C441E9}.Debug|iPhone.Deploy.0 = Debug|Any CPU
		{9AE37497-5630-4DAF-A59D-6BB8B1C441E9}.Debug|iPhoneSimulator.ActiveCfg = Debug|Any CPU
		{9AE37497-5630-4DAF-A59D-6BB8B1C441E9}.Debug|iPhoneSimulator.Build.0 = Debug|Any CPU
		{9AE37497-5630-4DAF-A59D-6BB8B1C441E9}.Debug|iPhoneSimulator.Deploy.0 = Debug|Any CPU
		{9AE37497-5630-4DAF-A59D-6BB8B1C441E9}.Release|Any CPU.ActiveCfg = Release|Any CPU
		{9AE37497-5630-4DAF-A59D-6BB8B1C441E9}.Release|Any CPU.Build.0 = Release|Any CPU
		{9AE37497-5630-4DAF-A59D-6BB8B1C441E9}.Release|Any CPU.Deploy.0 = Release|Any CPU
		{9AE37497-5630-4DAF-A59D-6BB8B1C441E9}.Release|iPhone.ActiveCfg = Release|Any CPU
		{9AE37497-5630-4DAF-A59D-6BB8B1C441E9}.Release|iPhone.Build.0 = Release|Any CPU
		{9AE37497-5630-4DAF-A59D-6BB8B1C441E9}.Release|iPhone.Deploy.0 = Release|Any CPU
		{9AE37497-5630-4DAF-A59D-6BB8B1C441E9}.Release|iPhoneSimulator.ActiveCfg = Release|Any CPU
		{9AE37497-5630-4DAF-A59D-6BB8B1C441E9}.Release|iPhoneSimulator.Build.0 = Release|Any CPU
		{9AE37497-5630-4DAF-A59D-6BB8B1C441E9}.Release|iPhoneSimulator.Deploy.0 = Release|Any CPU
		{937D450F-64ED-42AB-821F-59C7487AA9E8}.Debug|Any CPU.ActiveCfg = Debug|iPhone
		{937D450F-64ED-42AB-821F-59C7487AA9E8}.Debug|Any CPU.Build.0 = Debug|iPhone
		{937D450F-64ED-42AB-821F-59C7487AA9E8}.Debug|Any CPU.Deploy.0 = Debug|iPhone
		{937D450F-64ED-42AB-821F-59C7487AA9E8}.Debug|iPhone.ActiveCfg = Debug|iPhone
		{937D450F-64ED-42AB-821F-59C7487AA9E8}.Debug|iPhone.Build.0 = Debug|iPhone
		{937D450F-64ED-42AB-821F-59C7487AA9E8}.Debug|iPhone.Deploy.0 = Debug|iPhone
		{937D450F-64ED-42AB-821F-59C7487AA9E8}.Debug|iPhoneSimulator.ActiveCfg = Debug|iPhoneSimulator
		{937D450F-64ED-42AB-821F-59C7487AA9E8}.Debug|iPhoneSimulator.Build.0 = Debug|iPhoneSimulator
		{937D450F-64ED-42AB-821F-59C7487AA9E8}.Debug|iPhoneSimulator.Deploy.0 = Debug|iPhoneSimulator
		{937D450F-64ED-42AB-821F-59C7487AA9E8}.Release|Any CPU.ActiveCfg = Release|iPhoneSimulator
		{937D450F-64ED-42AB-821F-59C7487AA9E8}.Release|Any CPU.Build.0 = Release|iPhoneSimulator
		{937D450F-64ED-42AB-821F-59C7487AA9E8}.Release|Any CPU.Deploy.0 = Release|iPhoneSimulator
		{937D450F-64ED-42AB-821F-59C7487AA9E8}.Release|iPhone.ActiveCfg = Release|iPhone
		{937D450F-64ED-42AB-821F-59C7487AA9E8}.Release|iPhone.Build.0 = Release|iPhone
		{937D450F-64ED-42AB-821F-59C7487AA9E8}.Release|iPhone.Deploy.0 = Release|iPhone
		{937D450F-64ED-42AB-821F-59C7487AA9E8}.Release|iPhoneSimulator.ActiveCfg = Release|iPhoneSimulator
		{937D450F-64ED-42AB-821F-59C7487AA9E8}.Release|iPhoneSimulator.Build.0 = Release|iPhoneSimulator
		{937D450F-64ED-42AB-821F-59C7487AA9E8}.Release|iPhoneSimulator.Deploy.0 = Release|iPhoneSimulator
		{2AE959F2-B9B0-4F03-AD2E-5A528C2D38BE}.Debug|Any CPU.ActiveCfg = Debug|Any CPU
		{2AE959F2-B9B0-4F03-AD2E-5A528C2D38BE}.Debug|Any CPU.Build.0 = Debug|Any CPU
		{2AE959F2-B9B0-4F03-AD2E-5A528C2D38BE}.Debug|Any CPU.Deploy.0 = Debug|Any CPU
		{2AE959F2-B9B0-4F03-AD2E-5A528C2D38BE}.Debug|iPhone.ActiveCfg = Debug|Any CPU
		{2AE959F2-B9B0-4F03-AD2E-5A528C2D38BE}.Debug|iPhone.Build.0 = Debug|Any CPU
		{2AE959F2-B9B0-4F03-AD2E-5A528C2D38BE}.Debug|iPhone.Deploy.0 = Debug|Any CPU
		{2AE959F2-B9B0-4F03-AD2E-5A528C2D38BE}.Debug|iPhoneSimulator.ActiveCfg = Debug|Any CPU
		{2AE959F2-B9B0-4F03-AD2E-5A528C2D38BE}.Debug|iPhoneSimulator.Build.0 = Debug|Any CPU
		{2AE959F2-B9B0-4F03-AD2E-5A528C2D38BE}.Debug|iPhoneSimulator.Deploy.0 = Debug|Any CPU
		{2AE959F2-B9B0-4F03-AD2E-5A528C2D38BE}.Release|Any CPU.ActiveCfg = Release|Any CPU
		{2AE959F2-B9B0-4F03-AD2E-5A528C2D38BE}.Release|Any CPU.Build.0 = Release|Any CPU
		{2AE959F2-B9B0-4F03-AD2E-5A528C2D38BE}.Release|Any CPU.Deploy.0 = Release|Any CPU
		{2AE959F2-B9B0-4F03-AD2E-5A528C2D38BE}.Release|iPhone.ActiveCfg = Release|Any CPU
		{2AE959F2-B9B0-4F03-AD2E-5A528C2D38BE}.Release|iPhone.Build.0 = Release|Any CPU
		{2AE959F2-B9B0-4F03-AD2E-5A528C2D38BE}.Release|iPhone.Deploy.0 = Release|Any CPU
		{2AE959F2-B9B0-4F03-AD2E-5A528C2D38BE}.Release|iPhoneSimulator.ActiveCfg = Release|Any CPU
		{2AE959F2-B9B0-4F03-AD2E-5A528C2D38BE}.Release|iPhoneSimulator.Build.0 = Release|Any CPU
		{2AE959F2-B9B0-4F03-AD2E-5A528C2D38BE}.Release|iPhoneSimulator.Deploy.0 = Release|Any CPU
	EndGlobalSection
	GlobalSection(SolutionProperties) = preSolution
		HideSolutionNode = FALSE
	EndGlobalSection
	GlobalSection(ExtensibilityGlobals) = postSolution
		SolutionGuid = {8683AA4E-4779-44F1-A586-942D1C30EEB6}
	EndGlobalSection
EndGlobal
